
Microsoft Visual Studio Solution File, Format Version 12.00
# Visual Studio Version 17
VisualStudioVersion = 17.11.35312.102
MinimumVisualStudioVersion = 10.0.40219.1
Project("{FAE04EC0-301F-11D3-BF4B-00C04F79EFBC}") = "Application", "Application\Application.csproj", "{720AA552-7308-471F-B8CB-1A7F16035A0E}"
EndProject
Global
	GlobalSection(SolutionConfigurationPlatforms) = preSolution
		Debug|Any CPU = Debug|Any CPU
		Release|Any CPU = Release|Any CPU
	EndGlobalSection
	GlobalSection(ProjectConfigurationPlatforms) = postSolution
		{720AA552-7308-471F-B8CB-1A7F16035A0E}.Debug|Any CPU.ActiveCfg = Debug|Any CPU
		{720AA552-7308-471F-B8CB-1A7F16035A0E}.Debug|Any CPU.Build.0 = Debug|Any CPU
		{720AA552-7308-471F-B8CB-1A7F16035A0E}.Release|Any CPU.ActiveCfg = Release|Any CPU
		{720AA552-7308-471F-B8CB-1A7F16035A0E}.Release|Any CPU.Build.0 = Release|Any CPU
	EndGlobalSection
	GlobalSection(SolutionProperties) = preSolution
		HideSolutionNode = FALSE
	EndGlobalSection
	GlobalSection(ExtensibilityGlobals) = postSolution
		SolutionGuid = {5F9CB67E-3D2A-4668-9108-A68D9A18E388}
	EndGlobalSection
EndGlobal
